
Microsoft Visual Studio Solution File, Format Version 12.00
# Visual Studio Version 17
VisualStudioVersion = 17.10.35013.160
MinimumVisualStudioVersion = 10.0.40219.1
Project("{FAE04EC0-301F-11D3-BF4B-00C04F79EFBC}") = "RunGroupWebApp", "RunGroupWebApp\RunGroupWebApp.csproj", "{0B3ABE0C-49CE-493E-B500-89487F9825F1}"
EndProject
Global
	GlobalSection(SolutionConfigurationPlatforms) = preSolution
		Debug|Any CPU = Debug|Any CPU
		Release|Any CPU = Release|Any CPU
	EndGlobalSection
	GlobalSection(ProjectConfigurationPlatforms) = postSolution
		{0B3ABE0C-49CE-493E-B500-89487F9825F1}.Debug|Any CPU.ActiveCfg = Debug|Any CPU
		{0B3ABE0C-49CE-493E-B500-89487F9825F1}.Debug|Any CPU.Build.0 = Debug|Any CPU
		{0B3ABE0C-49CE-493E-B500-89487F9825F1}.Release|Any CPU.ActiveCfg = Release|Any CPU
		{0B3ABE0C-49CE-493E-B500-89487F9825F1}.Release|Any CPU.Build.0 = Release|Any CPU
	EndGlobalSection
	GlobalSection(SolutionProperties) = preSolution
		HideSolutionNode = FALSE
	EndGlobalSection
	GlobalSection(ExtensibilityGlobals) = postSolution
		SolutionGuid = {FE82A514-E44C-4EA8-BFD1-DFD77BF5B3E6}
	EndGlobalSection
EndGlobal
